
Microsoft Visual Studio Solution File, Format Version 12.00
# Visual Studio 15
VisualStudioVersion = 15.0.27428.2002
MinimumVisualStudioVersion = 10.0.40219.1
Project("{FAE04EC0-301F-11D3-BF4B-00C04F79EFBC}") = "PersonalBot.Application", "PersonalBot.Application\PersonalBot.Application.csproj", "{2F58204E-0F92-410D-ABE5-612E02383D68}"
EndProject
Project("{FAE04EC0-301F-11D3-BF4B-00C04F79EFBC}") = "PersonalBot.Domain", "PersonalBot.Domain\PersonalBot.Domain.csproj", "{5C4E0DE2-4120-4D53-9650-D6D5CC97D382}"
EndProject
Project("{FAE04EC0-301F-11D3-BF4B-00C04F79EFBC}") = "PersonalBot.Repository", "PersonalBot.Repository\PersonalBot.Repository.csproj", "{40B6C638-32DE-4011-91FF-92959B6A293C}"
EndProject
Project("{FAE04EC0-301F-11D3-BF4B-00C04F79EFBC}") = "PersonalBot.CrossCutting.IoC", "PersonalBot.CrossCutting.IoC\PersonalBot.CrossCutting.IoC.csproj", "{D26AB7D6-7825-4CD5-A5FB-EFCF91020559}"
EndProject
Project("{FAE04EC0-301F-11D3-BF4B-00C04F79EFBC}") = "PersonalBot.Services.ConsoleApp", "PersonalBot.Services.ConsoleApp\PersonalBot.Services.ConsoleApp.csproj", "{AF4DC734-288F-47B8-AC64-50F3BCAA4BC0}"
EndProject
Global
	GlobalSection(SolutionConfigurationPlatforms) = preSolution
		Debug|Any CPU = Debug|Any CPU
		Release|Any CPU = Release|Any CPU
	EndGlobalSection
	GlobalSection(ProjectConfigurationPlatforms) = postSolution
		{2F58204E-0F92-410D-ABE5-612E02383D68}.Debug|Any CPU.ActiveCfg = Debug|Any CPU
		{2F58204E-0F92-410D-ABE5-612E02383D68}.Debug|Any CPU.Build.0 = Debug|Any CPU
		{2F58204E-0F92-410D-ABE5-612E02383D68}.Release|Any CPU.ActiveCfg = Release|Any CPU
		{2F58204E-0F92-410D-ABE5-612E02383D68}.Release|Any CPU.Build.0 = Release|Any CPU
		{5C4E0DE2-4120-4D53-9650-D6D5CC97D382}.Debug|Any CPU.ActiveCfg = Debug|Any CPU
		{5C4E0DE2-4120-4D53-9650-D6D5CC97D382}.Debug|Any CPU.Build.0 = Debug|Any CPU
		{5C4E0DE2-4120-4D53-9650-D6D5CC97D382}.Release|Any CPU.ActiveCfg = Release|Any CPU
		{5C4E0DE2-4120-4D53-9650-D6D5CC97D382}.Release|Any CPU.Build.0 = Release|Any CPU
		{40B6C638-32DE-4011-91FF-92959B6A293C}.Debug|Any CPU.ActiveCfg = Debug|Any CPU
		{40B6C638-32DE-4011-91FF-92959B6A293C}.Debug|Any CPU.Build.0 = Debug|Any CPU
		{40B6C638-32DE-4011-91FF-92959B6A293C}.Release|Any CPU.ActiveCfg = Release|Any CPU
		{40B6C638-32DE-4011-91FF-92959B6A293C}.Release|Any CPU.Build.0 = Release|Any CPU
		{D26AB7D6-7825-4CD5-A5FB-EFCF91020559}.Debug|Any CPU.ActiveCfg = Debug|Any CPU
		{D26AB7D6-7825-4CD5-A5FB-EFCF91020559}.Debug|Any CPU.Build.0 = Debug|Any CPU
		{D26AB7D6-7825-4CD5-A5FB-EFCF91020559}.Release|Any CPU.ActiveCfg = Release|Any CPU
		{D26AB7D6-7825-4CD5-A5FB-EFCF91020559}.Release|Any CPU.Build.0 = Release|Any CPU
		{AF4DC734-288F-47B8-AC64-50F3BCAA4BC0}.Debug|Any CPU.ActiveCfg = Debug|Any CPU
		{AF4DC734-288F-47B8-AC64-50F3BCAA4BC0}.Debug|Any CPU.Build.0 = Debug|Any CPU
		{AF4DC734-288F-47B8-AC64-50F3BCAA4BC0}.Release|Any CPU.ActiveCfg = Release|Any CPU
		{AF4DC734-288F-47B8-AC64-50F3BCAA4BC0}.Release|Any CPU.Build.0 = Release|Any CPU
	EndGlobalSection
	GlobalSection(SolutionProperties) = preSolution
		HideSolutionNode = FALSE
	EndGlobalSection
	GlobalSection(ExtensibilityGlobals) = postSolution
		SolutionGuid = {D00A1EA7-2761-4161-B3CF-79D6A776387F}
	EndGlobalSection
EndGlobal
